
Microsoft Visual Studio Solution File, Format Version 12.00
# Visual Studio 2013
VisualStudioVersion = 12.0.21005.1
MinimumVisualStudioVersion = 10.0.40219.1
Project("{FAE04EC0-301F-11D3-BF4B-00C04F79EFBC}") = "StudySpring.net", "StudySpring.net\StudySpring.net.csproj", "{5533D505-484B-472F-8E20-2A4B85B929BA}"
EndProject
Project("{FAE04EC0-301F-11D3-BF4B-00C04F79EFBC}") = "StudySpring.netMVC4", "StudySpring.netMVC4\StudySpring.netMVC4.csproj", "{33354D3F-EA78-4C0D-9233-00D079B0449A}"
EndProject
Project("{FAE04EC0-301F-11D3-BF4B-00C04F79EFBC}") = "IBLL", "IBLL\IBLL.csproj", "{9551D43D-B0D0-4124-8616-34E85C30E5F4}"
EndProject
Project("{FAE04EC0-301F-11D3-BF4B-00C04F79EFBC}") = "BLL", "BLL\BLL.csproj", "{18F9EA3B-7241-4955-BDFD-E013E521ABE9}"
EndProject
Global
	GlobalSection(SolutionConfigurationPlatforms) = preSolution
		Debug|Any CPU = Debug|Any CPU
		Release|Any CPU = Release|Any CPU
	EndGlobalSection
	GlobalSection(ProjectConfigurationPlatforms) = postSolution
		{5533D505-484B-472F-8E20-2A4B85B929BA}.Debug|Any CPU.ActiveCfg = Debug|Any CPU
		{5533D505-484B-472F-8E20-2A4B85B929BA}.Debug|Any CPU.Build.0 = Debug|Any CPU
		{5533D505-484B-472F-8E20-2A4B85B929BA}.Release|Any CPU.ActiveCfg = Release|Any CPU
		{5533D505-484B-472F-8E20-2A4B85B929BA}.Release|Any CPU.Build.0 = Release|Any CPU
		{33354D3F-EA78-4C0D-9233-00D079B0449A}.Debug|Any CPU.ActiveCfg = Debug|Any CPU
		{33354D3F-EA78-4C0D-9233-00D079B0449A}.Debug|Any CPU.Build.0 = Debug|Any CPU
		{33354D3F-EA78-4C0D-9233-00D079B0449A}.Release|Any CPU.ActiveCfg = Release|Any CPU
		{33354D3F-EA78-4C0D-9233-00D079B0449A}.Release|Any CPU.Build.0 = Release|Any CPU
		{9551D43D-B0D0-4124-8616-34E85C30E5F4}.Debug|Any CPU.ActiveCfg = Debug|Any CPU
		{9551D43D-B0D0-4124-8616-34E85C30E5F4}.Debug|Any CPU.Build.0 = Debug|Any CPU
		{9551D43D-B0D0-4124-8616-34E85C30E5F4}.Release|Any CPU.ActiveCfg = Release|Any CPU
		{9551D43D-B0D0-4124-8616-34E85C30E5F4}.Release|Any CPU.Build.0 = Release|Any CPU
		{18F9EA3B-7241-4955-BDFD-E013E521ABE9}.Debug|Any CPU.ActiveCfg = Debug|Any CPU
		{18F9EA3B-7241-4955-BDFD-E013E521ABE9}.Debug|Any CPU.Build.0 = Debug|Any CPU
		{18F9EA3B-7241-4955-BDFD-E013E521ABE9}.Release|Any CPU.ActiveCfg = Release|Any CPU
		{18F9EA3B-7241-4955-BDFD-E013E521ABE9}.Release|Any CPU.Build.0 = Release|Any CPU
	EndGlobalSection
	GlobalSection(SolutionProperties) = preSolution
		HideSolutionNode = FALSE
	EndGlobalSection
EndGlobal
